// !$*UTF8*$!
{
	archiveVersion = 1;
	classes = {
	};
	objectVersion = 56;
	objects = {

/* Begin PBXBuildFile section */
		5305A1CD2B91AC0900455B11 /* LevelOSLog in Frameworks */ = {isa = PBXBuildFile; productRef = 5305A1CC2B91AC0900455B11 /* LevelOSLog */; };
		532BEF892B96C84400F7B0B8 /* BookMainInfoCell.swift in Sources */ = {isa = PBXBuildFile; fileRef = 532BEF882B96C84400F7B0B8 /* BookMainInfoCell.swift */; };
		532BEF8B2B96D06D00F7B0B8 /* UILabel+Extension.swift in Sources */ = {isa = PBXBuildFile; fileRef = 532BEF8A2B96D06D00F7B0B8 /* UILabel+Extension.swift */; };
		532BEFB62B9730D700F7B0B8 /* DescriptionViewController.swift in Sources */ = {isa = PBXBuildFile; fileRef = 532BEFB52B9730D700F7B0B8 /* DescriptionViewController.swift */; };
		535770AC2B92F9A3007EBCE4 /* ReadJsonParsing.swift in Sources */ = {isa = PBXBuildFile; fileRef = 53FF93B42B90E6A40026E946 /* ReadJsonParsing.swift */; };
		535770AE2B92F9BC007EBCE4 /* GooglePlayBookUseCaseTest.swift in Sources */ = {isa = PBXBuildFile; fileRef = 535770AD2B92F9BC007EBCE4 /* GooglePlayBookUseCaseTest.swift */; };
		535770AF2B92FDE6007EBCE4 /* ReadJsonParsing.swift in Sources */ = {isa = PBXBuildFile; fileRef = 53FF93B42B90E6A40026E946 /* ReadJsonParsing.swift */; };
		535770B22B930956007EBCE4 /* Swinject in Frameworks */ = {isa = PBXBuildFile; productRef = 535770B12B930956007EBCE4 /* Swinject */; };
		535770B52B930975007EBCE4 /* DIContainer.swift in Sources */ = {isa = PBXBuildFile; fileRef = 535770B42B930975007EBCE4 /* DIContainer.swift */; };
		535770B82B931026007EBCE4 /* DefaultMockRepository.swift in Sources */ = {isa = PBXBuildFile; fileRef = 535770B72B931026007EBCE4 /* DefaultMockRepository.swift */; };
		535770BA2B9313E1007EBCE4 /* Inject.swift in Sources */ = {isa = PBXBuildFile; fileRef = 535770B92B9313E1007EBCE4 /* Inject.swift */; };
		535770BC2B931B78007EBCE4 /* SearchResultViewController.swift in Sources */ = {isa = PBXBuildFile; fileRef = 535770BB2B931B78007EBCE4 /* SearchResultViewController.swift */; };
		535770C12B932983007EBCE4 /* MainViewController.swift in Sources */ = {isa = PBXBuildFile; fileRef = 535770C02B932983007EBCE4 /* MainViewController.swift */; };
		535770C42B936C8C007EBCE4 /* PlayBookSegmentControl.swift in Sources */ = {isa = PBXBuildFile; fileRef = 535770C32B936C8C007EBCE4 /* PlayBookSegmentControl.swift */; };
		535770C62B937A00007EBCE4 /* SearchViewModel.swift in Sources */ = {isa = PBXBuildFile; fileRef = 535770C52B937A00007EBCE4 /* SearchViewModel.swift */; };
		535770C82B937A24007EBCE4 /* ViewModelType.swift in Sources */ = {isa = PBXBuildFile; fileRef = 535770C72B937A24007EBCE4 /* ViewModelType.swift */; };
		535770CB2B938932007EBCE4 /* EBookInfoCell.swift in Sources */ = {isa = PBXBuildFile; fileRef = 535770CA2B938932007EBCE4 /* EBookInfoCell.swift */; };
		535770CD2B9389CF007EBCE4 /* Identifier.swift in Sources */ = {isa = PBXBuildFile; fileRef = 535770CC2B9389CF007EBCE4 /* Identifier.swift */; };
		535770CF2B9391E8007EBCE4 /* SearchResultSectionItem.swift in Sources */ = {isa = PBXBuildFile; fileRef = 535770CE2B9391E8007EBCE4 /* SearchResultSectionItem.swift */; };
		53653EEA2B9087F9005454C1 /* AppDelegate.swift in Sources */ = {isa = PBXBuildFile; fileRef = 53653EE92B9087F9005454C1 /* AppDelegate.swift */; };
		53653EEC2B9087F9005454C1 /* SceneDelegate.swift in Sources */ = {isa = PBXBuildFile; fileRef = 53653EEB2B9087F9005454C1 /* SceneDelegate.swift */; };
		53653EF32B9087FA005454C1 /* Assets.xcassets in Resources */ = {isa = PBXBuildFile; fileRef = 53653EF22B9087FA005454C1 /* Assets.xcassets */; };
		53653EF62B9087FA005454C1 /* LaunchScreen.storyboard in Resources */ = {isa = PBXBuildFile; fileRef = 53653EF42B9087FA005454C1 /* LaunchScreen.storyboard */; };
		53653F012B9087FA005454C1 /* GooglePlayBookTests.swift in Sources */ = {isa = PBXBuildFile; fileRef = 53653F002B9087FA005454C1 /* GooglePlayBookTests.swift */; };
		53653F242B909217005454C1 /* README.md in Resources */ = {isa = PBXBuildFile; fileRef = 53653F232B909217005454C1 /* README.md */; };
		53653F2E2B9093B4005454C1 /* RxCocoa in Frameworks */ = {isa = PBXBuildFile; productRef = 53653F2D2B9093B4005454C1 /* RxCocoa */; };
		53653F302B9093B4005454C1 /* RxSwift in Frameworks */ = {isa = PBXBuildFile; productRef = 53653F2F2B9093B4005454C1 /* RxSwift */; };
		53653F322B9093B4005454C1 /* RxDataSources in Frameworks */ = {isa = PBXBuildFile; productRef = 53653F312B9093B4005454C1 /* RxDataSources */; };
		53653F342B9093B4005454C1 /* SnapKit in Frameworks */ = {isa = PBXBuildFile; productRef = 53653F332B9093B4005454C1 /* SnapKit */; };
		536C6F902B94403900089CDA /* SearchResultResuableView.swift in Sources */ = {isa = PBXBuildFile; fileRef = 536C6F8F2B94403900089CDA /* SearchResultResuableView.swift */; };
		536C6F952B945CC900089CDA /* String+Extension.swift in Sources */ = {isa = PBXBuildFile; fileRef = 536C6F942B945CC900089CDA /* String+Extension.swift */; };
		536C6F972B946D1C00089CDA /* LoadMoreCell.swift in Sources */ = {isa = PBXBuildFile; fileRef = 536C6F962B946D1C00089CDA /* LoadMoreCell.swift */; };
		536C6F9A2B94853800089CDA /* Cacheable.swift in Sources */ = {isa = PBXBuildFile; fileRef = 536C6F992B94853800089CDA /* Cacheable.swift */; };
		536C6F9D2B94861D00089CDA /* ImageCache.swift in Sources */ = {isa = PBXBuildFile; fileRef = 536C6F9C2B94861D00089CDA /* ImageCache.swift */; };
		536C6F9F2B948A6100089CDA /* UIImageView+Extension.swift in Sources */ = {isa = PBXBuildFile; fileRef = 536C6F9E2B948A6100089CDA /* UIImageView+Extension.swift */; };
		537AA4272B91C05900D2B860 /* NetworkService.swift in Sources */ = {isa = PBXBuildFile; fileRef = 537AA4262B91C05900D2B860 /* NetworkService.swift */; };
		537AA4292B91C2FB00D2B860 /* API.swift in Sources */ = {isa = PBXBuildFile; fileRef = 537AA4282B91C2FB00D2B860 /* API.swift */; };
		537AA42B2B91C56000D2B860 /* ParameterEncodable.swift in Sources */ = {isa = PBXBuildFile; fileRef = 537AA42A2B91C56000D2B860 /* ParameterEncodable.swift */; };
		537AA42D2B91E98900D2B860 /* GooglePlayBookNetworkTest.swift in Sources */ = {isa = PBXBuildFile; fileRef = 537AA42C2B91E98900D2B860 /* GooglePlayBookNetworkTest.swift */; };
		537AA4302B9210C600D2B860 /* Search.swift in Sources */ = {isa = PBXBuildFile; fileRef = 537AA42F2B9210C600D2B860 /* Search.swift */; };
		537AA4352B9220C700D2B860 /* SearchQuery.swift in Sources */ = {isa = PBXBuildFile; fileRef = 537AA4342B9220C700D2B860 /* SearchQuery.swift */; };
		537AA4372B922A0500D2B860 /* EBooksRequestDTO+Mapping.swift in Sources */ = {isa = PBXBuildFile; fileRef = 537AA4362B922A0500D2B860 /* EBooksRequestDTO+Mapping.swift */; };
		537AA43A2B9234A600D2B860 /* SearchEBooksUseCase.swift in Sources */ = {isa = PBXBuildFile; fileRef = 537AA4392B9234A600D2B860 /* SearchEBooksUseCase.swift */; };
		537AA43E2B92360A00D2B860 /* EBookItemsRepository.swift in Sources */ = {isa = PBXBuildFile; fileRef = 537AA43D2B92360A00D2B860 /* EBookItemsRepository.swift */; };
		537AA4412B9237F100D2B860 /* DefaultEBookItemsRepository.swift in Sources */ = {isa = PBXBuildFile; fileRef = 537AA4402B9237F100D2B860 /* DefaultEBookItemsRepository.swift */; };
		537D3AA32B961B1F00C56534 /* VolumDetail.json in Resources */ = {isa = PBXBuildFile; fileRef = 537D3AA22B961B1F00C56534 /* VolumDetail.json */; };
		537D3AA42B9620EA00C56534 /* VolumDetail.json in Resources */ = {isa = PBXBuildFile; fileRef = 537D3AA22B961B1F00C56534 /* VolumDetail.json */; };
		537D3AA72B9636E000C56534 /* RounedButton.swift in Sources */ = {isa = PBXBuildFile; fileRef = 537D3AA62B9636E000C56534 /* RounedButton.swift */; };
		53C6F1EF2B95BF7D00D2C23E /* BookDetailInfo.swift in Sources */ = {isa = PBXBuildFile; fileRef = 53C6F1EE2B95BF7D00D2C23E /* BookDetailInfo.swift */; };
		53C6F1F22B95D50200D2C23E /* BookDetailSectionItem.swift in Sources */ = {isa = PBXBuildFile; fileRef = 53C6F1F12B95D50200D2C23E /* BookDetailSectionItem.swift */; };
		53D7B5012B95EC80000895C1 /* BookUserActionCell.swift in Sources */ = {isa = PBXBuildFile; fileRef = 53D7B5002B95EC80000895C1 /* BookUserActionCell.swift */; };
		53D7B5042B95EC9F000895C1 /* BookDescriptionCell.swift in Sources */ = {isa = PBXBuildFile; fileRef = 53D7B5032B95EC9F000895C1 /* BookDescriptionCell.swift */; };
		53D7B5062B95ECB3000895C1 /* BookRatingInfoCell.swift in Sources */ = {isa = PBXBuildFile; fileRef = 53D7B5052B95ECB3000895C1 /* BookRatingInfoCell.swift */; };
		53D7B5082B95ECC3000895C1 /* BookPublishInfoCell.swift in Sources */ = {isa = PBXBuildFile; fileRef = 53D7B5072B95ECC3000895C1 /* BookPublishInfoCell.swift */; };
		53EC38352B95892B0049F42A /* BookDetailViewController.swift in Sources */ = {isa = PBXBuildFile; fileRef = 53EC38342B95892B0049F42A /* BookDetailViewController.swift */; };
		53EC38372B9594910049F42A /* BookViewModel.swift in Sources */ = {isa = PBXBuildFile; fileRef = 53EC38362B9594910049F42A /* BookViewModel.swift */; };
		53EC38392B9598A00049F42A /* BookInfoUseCase.swift in Sources */ = {isa = PBXBuildFile; fileRef = 53EC38382B9598A00049F42A /* BookInfoUseCase.swift */; };
		53EC383B2B959B240049F42A /* BookInfoRepository.swift in Sources */ = {isa = PBXBuildFile; fileRef = 53EC383A2B959B240049F42A /* BookInfoRepository.swift */; };
		53EC383D2B959BB60049F42A /* DefaultBookInfoRepository.swift in Sources */ = {isa = PBXBuildFile; fileRef = 53EC383C2B959BB60049F42A /* DefaultBookInfoRepository.swift */; };
		53EC383F2B959E010049F42A /* EBookInfoRequestDTO+Mapping.swift in Sources */ = {isa = PBXBuildFile; fileRef = 53EC383E2B959E010049F42A /* EBookInfoRequestDTO+Mapping.swift */; };
		53EC38422B959EE80049F42A /* VolumeInfo.swift in Sources */ = {isa = PBXBuildFile; fileRef = 53EC38412B959EE80049F42A /* VolumeInfo.swift */; };
		53F2800C2B94A6C800E073D4 /* ImageDownloader.swift in Sources */ = {isa = PBXBuildFile; fileRef = 53F2800B2B94A6C800E073D4 /* ImageDownloader.swift */; };
		53F2800E2B94BC0700E073D4 /* URL+Extension.swift in Sources */ = {isa = PBXBuildFile; fileRef = 53F2800D2B94BC0700E073D4 /* URL+Extension.swift */; };
		53F280102B94C27B00E073D4 /* GooglePlayBookImageDownloaderTest.swift in Sources */ = {isa = PBXBuildFile; fileRef = 53F2800F2B94C27B00E073D4 /* GooglePlayBookImageDownloaderTest.swift */; };
		53FF93AB2B90CDBA0026E946 /* EBook.swift in Sources */ = {isa = PBXBuildFile; fileRef = 53FF93AA2B90CDBA0026E946 /* EBook.swift */; };
		53FF93AE2B90D5010026E946 /* EBooksResponseDTO+Mapping.swift in Sources */ = {isa = PBXBuildFile; fileRef = 53FF93AD2B90D5010026E946 /* EBooksResponseDTO+Mapping.swift */; };
		53FF93B72B90E7CE0026E946 /* GooglePlayBookDTOTest.swift in Sources */ = {isa = PBXBuildFile; fileRef = 53FF93B62B90E7CE0026E946 /* GooglePlayBookDTOTest.swift */; };
		53FF93B82B90EDF20026E946 /* Searchvolumes.json in Resources */ = {isa = PBXBuildFile; fileRef = 53FF93B22B90E5500026E946 /* Searchvolumes.json */; };
/* End PBXBuildFile section */

/* Begin PBXContainerItemProxy section */
		53653EFD2B9087FA005454C1 /* PBXContainerItemProxy */ = {
			isa = PBXContainerItemProxy;
			containerPortal = 53653EDE2B9087F9005454C1 /* Project object */;
			proxyType = 1;
			remoteGlobalIDString = 53653EE52B9087F9005454C1;
			remoteInfo = GooglePlayBook;
		};
/* End PBXContainerItemProxy section */

/* Begin PBXFileReference section */
		530B0BAA2B976A0300690BAA /* ko-KR */ = {isa = PBXFileReference; lastKnownFileType = text.plist.strings; name = "ko-KR"; path = "ko-KR.lproj/LaunchScreen.strings"; sourceTree = "<group>"; };
		532BEF882B96C84400F7B0B8 /* BookMainInfoCell.swift */ = {isa = PBXFileReference; lastKnownFileType = sourcecode.swift; path = BookMainInfoCell.swift; sourceTree = "<group>"; };
		532BEF8A2B96D06D00F7B0B8 /* UILabel+Extension.swift */ = {isa = PBXFileReference; lastKnownFileType = sourcecode.swift; path = "UILabel+Extension.swift"; sourceTree = "<group>"; };
		532BEFB52B9730D700F7B0B8 /* DescriptionViewController.swift */ = {isa = PBXFileReference; lastKnownFileType = sourcecode.swift; path = DescriptionViewController.swift; sourceTree = "<group>"; };
		535770AB2B92F8D7007EBCE4 /* GooglePlayBookTestPlan.xctestplan */ = {isa = PBXFileReference; lastKnownFileType = text; path = GooglePlayBookTestPlan.xctestplan; sourceTree = "<group>"; };
		535770AD2B92F9BC007EBCE4 /* GooglePlayBookUseCaseTest.swift */ = {isa = PBXFileReference; lastKnownFileType = sourcecode.swift; path = GooglePlayBookUseCaseTest.swift; sourceTree = "<group>"; };
		535770B42B930975007EBCE4 /* DIContainer.swift */ = {isa = PBXFileReference; lastKnownFileType = sourcecode.swift; path = DIContainer.swift; sourceTree = "<group>"; };
		535770B72B931026007EBCE4 /* DefaultMockRepository.swift */ = {isa = PBXFileReference; lastKnownFileType = sourcecode.swift; path = DefaultMockRepository.swift; sourceTree = "<group>"; };
		535770B92B9313E1007EBCE4 /* Inject.swift */ = {isa = PBXFileReference; lastKnownFileType = sourcecode.swift; name = Inject.swift; path = GooglePlayBook/Domain/Interfaces/Inject.swift; sourceTree = SOURCE_ROOT; };
		535770BB2B931B78007EBCE4 /* SearchResultViewController.swift */ = {isa = PBXFileReference; lastKnownFileType = sourcecode.swift; path = SearchResultViewController.swift; sourceTree = "<group>"; };
		535770C02B932983007EBCE4 /* MainViewController.swift */ = {isa = PBXFileReference; lastKnownFileType = sourcecode.swift; path = MainViewController.swift; sourceTree = "<group>"; };
		535770C32B936C8C007EBCE4 /* PlayBookSegmentControl.swift */ = {isa = PBXFileReference; lastKnownFileType = sourcecode.swift; path = PlayBookSegmentControl.swift; sourceTree = "<group>"; };
		535770C52B937A00007EBCE4 /* SearchViewModel.swift */ = {isa = PBXFileReference; lastKnownFileType = sourcecode.swift; path = SearchViewModel.swift; sourceTree = "<group>"; };
		535770C72B937A24007EBCE4 /* ViewModelType.swift */ = {isa = PBXFileReference; lastKnownFileType = sourcecode.swift; path = ViewModelType.swift; sourceTree = "<group>"; };
		535770CA2B938932007EBCE4 /* EBookInfoCell.swift */ = {isa = PBXFileReference; lastKnownFileType = sourcecode.swift; path = EBookInfoCell.swift; sourceTree = "<group>"; };
		535770CC2B9389CF007EBCE4 /* Identifier.swift */ = {isa = PBXFileReference; lastKnownFileType = sourcecode.swift; path = Identifier.swift; sourceTree = "<group>"; };
		535770CE2B9391E8007EBCE4 /* SearchResultSectionItem.swift */ = {isa = PBXFileReference; lastKnownFileType = sourcecode.swift; path = SearchResultSectionItem.swift; sourceTree = "<group>"; };
		53653EE62B9087F9005454C1 /* GooglePlayBook.app */ = {isa = PBXFileReference; explicitFileType = wrapper.application; includeInIndex = 0; path = GooglePlayBook.app; sourceTree = BUILT_PRODUCTS_DIR; };
		53653EE92B9087F9005454C1 /* AppDelegate.swift */ = {isa = PBXFileReference; lastKnownFileType = sourcecode.swift; path = AppDelegate.swift; sourceTree = "<group>"; };
		53653EEB2B9087F9005454C1 /* SceneDelegate.swift */ = {isa = PBXFileReference; lastKnownFileType = sourcecode.swift; path = SceneDelegate.swift; sourceTree = "<group>"; };
		53653EF22B9087FA005454C1 /* Assets.xcassets */ = {isa = PBXFileReference; lastKnownFileType = folder.assetcatalog; path = Assets.xcassets; sourceTree = "<group>"; };
		53653EF52B9087FA005454C1 /* Base */ = {isa = PBXFileReference; lastKnownFileType = file.storyboard; name = Base; path = Base.lproj/LaunchScreen.storyboard; sourceTree = "<group>"; };
		53653EF72B9087FA005454C1 /* Info.plist */ = {isa = PBXFileReference; lastKnownFileType = text.plist.xml; path = Info.plist; sourceTree = "<group>"; };
		53653EFC2B9087FA005454C1 /* GooglePlayBookTests.xctest */ = {isa = PBXFileReference; explicitFileType = wrapper.cfbundle; includeInIndex = 0; path = GooglePlayBookTests.xctest; sourceTree = BUILT_PRODUCTS_DIR; };
		53653F002B9087FA005454C1 /* GooglePlayBookTests.swift */ = {isa = PBXFileReference; lastKnownFileType = sourcecode.swift; path = GooglePlayBookTests.swift; sourceTree = "<group>"; };
		53653F232B909217005454C1 /* README.md */ = {isa = PBXFileReference; fileEncoding = 4; lastKnownFileType = net.daringfireball.markdown; name = README.md; path = ../../README.md; sourceTree = "<group>"; };
		536C6F8F2B94403900089CDA /* SearchResultResuableView.swift */ = {isa = PBXFileReference; lastKnownFileType = sourcecode.swift; path = SearchResultResuableView.swift; sourceTree = "<group>"; };
		536C6F942B945CC900089CDA /* String+Extension.swift */ = {isa = PBXFileReference; lastKnownFileType = sourcecode.swift; path = "String+Extension.swift"; sourceTree = "<group>"; };
		536C6F962B946D1C00089CDA /* LoadMoreCell.swift */ = {isa = PBXFileReference; lastKnownFileType = sourcecode.swift; path = LoadMoreCell.swift; sourceTree = "<group>"; };
		536C6F992B94853800089CDA /* Cacheable.swift */ = {isa = PBXFileReference; lastKnownFileType = sourcecode.swift; path = Cacheable.swift; sourceTree = "<group>"; };
		536C6F9C2B94861D00089CDA /* ImageCache.swift */ = {isa = PBXFileReference; lastKnownFileType = sourcecode.swift; path = ImageCache.swift; sourceTree = "<group>"; };
		536C6F9E2B948A6100089CDA /* UIImageView+Extension.swift */ = {isa = PBXFileReference; lastKnownFileType = sourcecode.swift; path = "UIImageView+Extension.swift"; sourceTree = "<group>"; };
		537AA4262B91C05900D2B860 /* NetworkService.swift */ = {isa = PBXFileReference; lastKnownFileType = sourcecode.swift; path = NetworkService.swift; sourceTree = "<group>"; };
		537AA4282B91C2FB00D2B860 /* API.swift */ = {isa = PBXFileReference; lastKnownFileType = sourcecode.swift; path = API.swift; sourceTree = "<group>"; };
		537AA42A2B91C56000D2B860 /* ParameterEncodable.swift */ = {isa = PBXFileReference; lastKnownFileType = sourcecode.swift; path = ParameterEncodable.swift; sourceTree = "<group>"; };
		537AA42C2B91E98900D2B860 /* GooglePlayBookNetworkTest.swift */ = {isa = PBXFileReference; lastKnownFileType = sourcecode.swift; path = GooglePlayBookNetworkTest.swift; sourceTree = "<group>"; };
		537AA42F2B9210C600D2B860 /* Search.swift */ = {isa = PBXFileReference; lastKnownFileType = sourcecode.swift; path = Search.swift; sourceTree = "<group>"; };
		537AA4342B9220C700D2B860 /* SearchQuery.swift */ = {isa = PBXFileReference; lastKnownFileType = sourcecode.swift; path = SearchQuery.swift; sourceTree = "<group>"; };
		537AA4362B922A0500D2B860 /* EBooksRequestDTO+Mapping.swift */ = {isa = PBXFileReference; lastKnownFileType = sourcecode.swift; path = "EBooksRequestDTO+Mapping.swift"; sourceTree = "<group>"; };
		537AA4392B9234A600D2B860 /* SearchEBooksUseCase.swift */ = {isa = PBXFileReference; lastKnownFileType = sourcecode.swift; path = SearchEBooksUseCase.swift; sourceTree = "<group>"; };
		537AA43D2B92360A00D2B860 /* EBookItemsRepository.swift */ = {isa = PBXFileReference; lastKnownFileType = sourcecode.swift; path = EBookItemsRepository.swift; sourceTree = "<group>"; };
		537AA4402B9237F100D2B860 /* DefaultEBookItemsRepository.swift */ = {isa = PBXFileReference; lastKnownFileType = sourcecode.swift; path = DefaultEBookItemsRepository.swift; sourceTree = "<group>"; };
		537D3AA22B961B1F00C56534 /* VolumDetail.json */ = {isa = PBXFileReference; lastKnownFileType = text.json; path = VolumDetail.json; sourceTree = "<group>"; };
		537D3AA62B9636E000C56534 /* RounedButton.swift */ = {isa = PBXFileReference; lastKnownFileType = sourcecode.swift; path = RounedButton.swift; sourceTree = "<group>"; };
		53C6F1EE2B95BF7D00D2C23E /* BookDetailInfo.swift */ = {isa = PBXFileReference; lastKnownFileType = sourcecode.swift; path = BookDetailInfo.swift; sourceTree = "<group>"; };
		53C6F1F12B95D50200D2C23E /* BookDetailSectionItem.swift */ = {isa = PBXFileReference; lastKnownFileType = sourcecode.swift; path = BookDetailSectionItem.swift; sourceTree = "<group>"; };
		53D7B5002B95EC80000895C1 /* BookUserActionCell.swift */ = {isa = PBXFileReference; lastKnownFileType = sourcecode.swift; path = BookUserActionCell.swift; sourceTree = "<group>"; };
		53D7B5032B95EC9F000895C1 /* BookDescriptionCell.swift */ = {isa = PBXFileReference; lastKnownFileType = sourcecode.swift; path = BookDescriptionCell.swift; sourceTree = "<group>"; };
		53D7B5052B95ECB3000895C1 /* BookRatingInfoCell.swift */ = {isa = PBXFileReference; lastKnownFileType = sourcecode.swift; path = BookRatingInfoCell.swift; sourceTree = "<group>"; };
		53D7B5072B95ECC3000895C1 /* BookPublishInfoCell.swift */ = {isa = PBXFileReference; lastKnownFileType = sourcecode.swift; path = BookPublishInfoCell.swift; sourceTree = "<group>"; };
		53EC38342B95892B0049F42A /* BookDetailViewController.swift */ = {isa = PBXFileReference; lastKnownFileType = sourcecode.swift; path = BookDetailViewController.swift; sourceTree = "<group>"; };
		53EC38362B9594910049F42A /* BookViewModel.swift */ = {isa = PBXFileReference; lastKnownFileType = sourcecode.swift; path = BookViewModel.swift; sourceTree = "<group>"; };
		53EC38382B9598A00049F42A /* BookInfoUseCase.swift */ = {isa = PBXFileReference; lastKnownFileType = sourcecode.swift; path = BookInfoUseCase.swift; sourceTree = "<group>"; };
		53EC383A2B959B240049F42A /* BookInfoRepository.swift */ = {isa = PBXFileReference; lastKnownFileType = sourcecode.swift; path = BookInfoRepository.swift; sourceTree = "<group>"; };
		53EC383C2B959BB60049F42A /* DefaultBookInfoRepository.swift */ = {isa = PBXFileReference; lastKnownFileType = sourcecode.swift; path = DefaultBookInfoRepository.swift; sourceTree = "<group>"; };
		53EC383E2B959E010049F42A /* EBookInfoRequestDTO+Mapping.swift */ = {isa = PBXFileReference; lastKnownFileType = sourcecode.swift; path = "EBookInfoRequestDTO+Mapping.swift"; sourceTree = "<group>"; };
		53EC38412B959EE80049F42A /* VolumeInfo.swift */ = {isa = PBXFileReference; lastKnownFileType = sourcecode.swift; path = VolumeInfo.swift; sourceTree = "<group>"; };
		53F2800B2B94A6C800E073D4 /* ImageDownloader.swift */ = {isa = PBXFileReference; lastKnownFileType = sourcecode.swift; path = ImageDownloader.swift; sourceTree = "<group>"; };
		53F2800D2B94BC0700E073D4 /* URL+Extension.swift */ = {isa = PBXFileReference; lastKnownFileType = sourcecode.swift; path = "URL+Extension.swift"; sourceTree = "<group>"; };
		53F2800F2B94C27B00E073D4 /* GooglePlayBookImageDownloaderTest.swift */ = {isa = PBXFileReference; lastKnownFileType = sourcecode.swift; path = GooglePlayBookImageDownloaderTest.swift; sourceTree = "<group>"; };
		53FF93AA2B90CDBA0026E946 /* EBook.swift */ = {isa = PBXFileReference; lastKnownFileType = sourcecode.swift; path = EBook.swift; sourceTree = "<group>"; };
		53FF93AD2B90D5010026E946 /* EBooksResponseDTO+Mapping.swift */ = {isa = PBXFileReference; lastKnownFileType = sourcecode.swift; path = "EBooksResponseDTO+Mapping.swift"; sourceTree = "<group>"; };
		53FF93B22B90E5500026E946 /* Searchvolumes.json */ = {isa = PBXFileReference; lastKnownFileType = text.json; path = Searchvolumes.json; sourceTree = "<group>"; };
		53FF93B42B90E6A40026E946 /* ReadJsonParsing.swift */ = {isa = PBXFileReference; lastKnownFileType = sourcecode.swift; path = ReadJsonParsing.swift; sourceTree = "<group>"; };
		53FF93B62B90E7CE0026E946 /* GooglePlayBookDTOTest.swift */ = {isa = PBXFileReference; lastKnownFileType = sourcecode.swift; path = GooglePlayBookDTOTest.swift; sourceTree = "<group>"; };
/* End PBXFileReference section */

/* Begin PBXFrameworksBuildPhase section */
		53653EE32B9087F9005454C1 /* Frameworks */ = {
			isa = PBXFrameworksBuildPhase;
			buildActionMask = 2147483647;
			files = (
				53653F322B9093B4005454C1 /* RxDataSources in Frameworks */,
				53653F342B9093B4005454C1 /* SnapKit in Frameworks */,
				53653F302B9093B4005454C1 /* RxSwift in Frameworks */,
				53653F2E2B9093B4005454C1 /* RxCocoa in Frameworks */,
				5305A1CD2B91AC0900455B11 /* LevelOSLog in Frameworks */,
				535770B22B930956007EBCE4 /* Swinject in Frameworks */,
			);
			runOnlyForDeploymentPostprocessing = 0;
		};
		53653EF92B9087FA005454C1 /* Frameworks */ = {
			isa = PBXFrameworksBuildPhase;
			buildActionMask = 2147483647;
			files = (
			);
			runOnlyForDeploymentPostprocessing = 0;
		};
/* End PBXFrameworksBuildPhase section */

/* Begin PBXGroup section */
		535770B32B930963007EBCE4 /* DIContainer */ = {
			isa = PBXGroup;
			children = (
				535770B42B930975007EBCE4 /* DIContainer.swift */,
			);
			path = DIContainer;
			sourceTree = "<group>";
		};
		535770B62B931015007EBCE4 /* TestHelper */ = {
			isa = PBXGroup;
			children = (
				535770B72B931026007EBCE4 /* DefaultMockRepository.swift */,
			);
			path = TestHelper;
			sourceTree = "<group>";
		};
		535770BD2B931B7D007EBCE4 /* SearchView */ = {
			isa = PBXGroup;
			children = (
				535770C92B9388D1007EBCE4 /* CollectionSubviews */,
				535770CE2B9391E8007EBCE4 /* SearchResultSectionItem.swift */,
				535770C52B937A00007EBCE4 /* SearchViewModel.swift */,
				535770BB2B931B78007EBCE4 /* SearchResultViewController.swift */,
			);
			path = SearchView;
			sourceTree = "<group>";
		};
		535770C22B936C33007EBCE4 /* Compnents */ = {
			isa = PBXGroup;
			children = (
				535770C32B936C8C007EBCE4 /* PlayBookSegmentControl.swift */,
				537D3AA62B9636E000C56534 /* RounedButton.swift */,
			);
			path = Compnents;
			sourceTree = "<group>";
		};
		535770C92B9388D1007EBCE4 /* CollectionSubviews */ = {
			isa = PBXGroup;
			children = (
				536C6F8F2B94403900089CDA /* SearchResultResuableView.swift */,
				535770CA2B938932007EBCE4 /* EBookInfoCell.swift */,
				536C6F962B946D1C00089CDA /* LoadMoreCell.swift */,
			);
			path = CollectionSubviews;
			sourceTree = "<group>";
		};
		53653EDD2B9087F9005454C1 = {
			isa = PBXGroup;
			children = (
				53653EE82B9087F9005454C1 /* GooglePlayBook */,
				53653EFF2B9087FA005454C1 /* GooglePlayBookTests */,
				53653EE72B9087F9005454C1 /* Products */,
				53653F2C2B9093B4005454C1 /* Frameworks */,
			);
			sourceTree = "<group>";
		};
		53653EE72B9087F9005454C1 /* Products */ = {
			isa = PBXGroup;
			children = (
				53653EE62B9087F9005454C1 /* GooglePlayBook.app */,
				53653EFC2B9087FA005454C1 /* GooglePlayBookTests.xctest */,
			);
			name = Products;
			sourceTree = "<group>";
		};
		53653EE82B9087F9005454C1 /* GooglePlayBook */ = {
			isa = PBXGroup;
			children = (
				53653F232B909217005454C1 /* README.md */,
				53653F1B2B908AE2005454C1 /* Domain */,
				53653F192B908ABE005454C1 /* Application */,
				53653F1C2B908AEE005454C1 /* Presentation */,
				53653F1D2B908AFD005454C1 /* Data */,
				53653F1E2B908B4C005454C1 /* Infrastructure */,
				53653F1F2B908B73005454C1 /* Common */,
				53653F1A2B908ACF005454C1 /* Resource */,
				53653EF72B9087FA005454C1 /* Info.plist */,
				535770AB2B92F8D7007EBCE4 /* GooglePlayBookTestPlan.xctestplan */,
			);
			path = GooglePlayBook;
			sourceTree = "<group>";
		};
		53653EFF2B9087FA005454C1 /* GooglePlayBookTests */ = {
			isa = PBXGroup;
			children = (
				535770B62B931015007EBCE4 /* TestHelper */,
				53FF93B12B90E5170026E946 /* JsonFiles */,
				53653F002B9087FA005454C1 /* GooglePlayBookTests.swift */,
				53FF93B62B90E7CE0026E946 /* GooglePlayBookDTOTest.swift */,
				537AA42C2B91E98900D2B860 /* GooglePlayBookNetworkTest.swift */,
				535770AD2B92F9BC007EBCE4 /* GooglePlayBookUseCaseTest.swift */,
				53F2800F2B94C27B00E073D4 /* GooglePlayBookImageDownloaderTest.swift */,
			);
			path = GooglePlayBookTests;
			sourceTree = "<group>";
		};
		53653F192B908ABE005454C1 /* Application */ = {
			isa = PBXGroup;
			children = (
				535770B32B930963007EBCE4 /* DIContainer */,
				53653EE92B9087F9005454C1 /* AppDelegate.swift */,
				53653EEB2B9087F9005454C1 /* SceneDelegate.swift */,
			);
			path = Application;
			sourceTree = "<group>";
		};
		53653F1A2B908ACF005454C1 /* Resource */ = {
			isa = PBXGroup;
			children = (
				53653EF22B9087FA005454C1 /* Assets.xcassets */,
				53653EF42B9087FA005454C1 /* LaunchScreen.storyboard */,
			);
			path = Resource;
			sourceTree = "<group>";
		};
		53653F1B2B908AE2005454C1 /* Domain */ = {
			isa = PBXGroup;
			children = (
				53FF93A92B90CD980026E946 /* Entities */,
				537AA4382B92348800D2B860 /* Usecases */,
				537AA43B2B9235B200D2B860 /* Interfaces */,
			);
			path = Domain;
			sourceTree = "<group>";
		};
		53653F1C2B908AEE005454C1 /* Presentation */ = {
			isa = PBXGroup;
			children = (
				53EC38332B9584EF0049F42A /* VolumeDetail */,
				535770BD2B931B7D007EBCE4 /* SearchView */,
				535770C02B932983007EBCE4 /* MainViewController.swift */,
			);
			path = Presentation;
			sourceTree = "<group>";
		};
		53653F1D2B908AFD005454C1 /* Data */ = {
			isa = PBXGroup;
			children = (
				537AA43F2B9237D300D2B860 /* Repository */,
				53FF93AF2B90E0AB0026E946 /* Network */,
			);
			path = Data;
			sourceTree = "<group>";
		};
		53653F1E2B908B4C005454C1 /* Infrastructure */ = {
			isa = PBXGroup;
			children = (
				536C6F9B2B94860800089CDA /* DataCache */,
				53FF93A82B90C8AF0026E946 /* Network */,
			);
			path = Infrastructure;
			sourceTree = "<group>";
		};
		53653F1F2B908B73005454C1 /* Common */ = {
			isa = PBXGroup;
			children = (
				536C6F932B945CB800089CDA /* Extension */,
				535770C22B936C33007EBCE4 /* Compnents */,
				537AA42A2B91C56000D2B860 /* ParameterEncodable.swift */,
				535770CC2B9389CF007EBCE4 /* Identifier.swift */,
			);
			path = Common;
			sourceTree = "<group>";
		};
		53653F2C2B9093B4005454C1 /* Frameworks */ = {
			isa = PBXGroup;
			children = (
			);
			name = Frameworks;
			sourceTree = "<group>";
		};
		536C6F932B945CB800089CDA /* Extension */ = {
			isa = PBXGroup;
			children = (
				532BEF8A2B96D06D00F7B0B8 /* UILabel+Extension.swift */,
				536C6F942B945CC900089CDA /* String+Extension.swift */,
				536C6F9E2B948A6100089CDA /* UIImageView+Extension.swift */,
				53F2800D2B94BC0700E073D4 /* URL+Extension.swift */,
			);
			path = Extension;
			sourceTree = "<group>";
		};
		536C6F9B2B94860800089CDA /* DataCache */ = {
			isa = PBXGroup;
			children = (
				536C6F9C2B94861D00089CDA /* ImageCache.swift */,
			);
			path = DataCache;
			sourceTree = "<group>";
		};
		537AA42E2B920B4C00D2B860 /* Endpoints */ = {
			isa = PBXGroup;
			children = (
				537AA4312B92117700D2B860 /* Search */,
				53EC38402B959ED00049F42A /* Info */,
			);
			path = Endpoints;
			sourceTree = "<group>";
		};
		537AA4312B92117700D2B860 /* Search */ = {
			isa = PBXGroup;
			children = (
				537AA42F2B9210C600D2B860 /* Search.swift */,
			);
			path = Search;
			sourceTree = "<group>";
		};
		537AA4382B92348800D2B860 /* Usecases */ = {
			isa = PBXGroup;
			children = (
				537AA4392B9234A600D2B860 /* SearchEBooksUseCase.swift */,
				53EC38382B9598A00049F42A /* BookInfoUseCase.swift */,
			);
			path = Usecases;
			sourceTree = "<group>";
		};
		537AA43B2B9235B200D2B860 /* Interfaces */ = {
			isa = PBXGroup;
			children = (
				535770B92B9313E1007EBCE4 /* Inject.swift */,
				535770C72B937A24007EBCE4 /* ViewModelType.swift */,
				536C6F992B94853800089CDA /* Cacheable.swift */,
				537AA43C2B9235D200D2B860 /* Repositories */,
			);
			path = Interfaces;
			sourceTree = "<group>";
		};
		537AA43C2B9235D200D2B860 /* Repositories */ = {
			isa = PBXGroup;
			children = (
				537AA43D2B92360A00D2B860 /* EBookItemsRepository.swift */,
				53EC383A2B959B240049F42A /* BookInfoRepository.swift */,
			);
			path = Repositories;
			sourceTree = "<group>";
		};
		537AA43F2B9237D300D2B860 /* Repository */ = {
			isa = PBXGroup;
			children = (
				537AA4402B9237F100D2B860 /* DefaultEBookItemsRepository.swift */,
				53EC383C2B959BB60049F42A /* DefaultBookInfoRepository.swift */,
			);
			path = Repository;
			sourceTree = "<group>";
		};
		53C6F1F02B95D4E000D2C23E /* TableSubviews */ = {
			isa = PBXGroup;
			children = (
				53D7B5022B95EC84000895C1 /* BookDetailTableCells */,
				53C6F1F12B95D50200D2C23E /* BookDetailSectionItem.swift */,
			);
			path = TableSubviews;
			sourceTree = "<group>";
		};
		53D7B5022B95EC84000895C1 /* BookDetailTableCells */ = {
			isa = PBXGroup;
			children = (
				532BEF882B96C84400F7B0B8 /* BookMainInfoCell.swift */,
				53D7B5002B95EC80000895C1 /* BookUserActionCell.swift */,
				53D7B5032B95EC9F000895C1 /* BookDescriptionCell.swift */,
				53D7B5052B95ECB3000895C1 /* BookRatingInfoCell.swift */,
				53D7B5072B95ECC3000895C1 /* BookPublishInfoCell.swift */,
			);
			path = BookDetailTableCells;
			sourceTree = "<group>";
		};
		53EC38332B9584EF0049F42A /* VolumeDetail */ = {
			isa = PBXGroup;
			children = (
				532BEFB52B9730D700F7B0B8 /* DescriptionViewController.swift */,
				53C6F1F02B95D4E000D2C23E /* TableSubviews */,
				53EC38362B9594910049F42A /* BookViewModel.swift */,
				53EC38342B95892B0049F42A /* BookDetailViewController.swift */,
			);
			path = VolumeDetail;
			sourceTree = "<group>";
		};
		53EC38402B959ED00049F42A /* Info */ = {
			isa = PBXGroup;
			children = (
				53EC38412B959EE80049F42A /* VolumeInfo.swift */,
			);
			path = Info;
			sourceTree = "<group>";
		};
		53FF93A82B90C8AF0026E946 /* Network */ = {
			isa = PBXGroup;
			children = (
				537AA4262B91C05900D2B860 /* NetworkService.swift */,
				537AA4282B91C2FB00D2B860 /* API.swift */,
				53F2800B2B94A6C800E073D4 /* ImageDownloader.swift */,
			);
			path = Network;
			sourceTree = "<group>";
		};
		53FF93A92B90CD980026E946 /* Entities */ = {
			isa = PBXGroup;
			children = (
				53FF93AA2B90CDBA0026E946 /* EBook.swift */,
				537AA4342B9220C700D2B860 /* SearchQuery.swift */,
				53C6F1EE2B95BF7D00D2C23E /* BookDetailInfo.swift */,
			);
			path = Entities;
			sourceTree = "<group>";
		};
		53FF93AC2B90D4B40026E946 /* DataMapping */ = {
			isa = PBXGroup;
			children = (
				537AA4362B922A0500D2B860 /* EBooksRequestDTO+Mapping.swift */,
				53EC383E2B959E010049F42A /* EBookInfoRequestDTO+Mapping.swift */,
				53FF93AD2B90D5010026E946 /* EBooksResponseDTO+Mapping.swift */,
			);
			path = DataMapping;
			sourceTree = "<group>";
		};
		53FF93AF2B90E0AB0026E946 /* Network */ = {
			isa = PBXGroup;
			children = (
				537AA42E2B920B4C00D2B860 /* Endpoints */,
				53FF93AC2B90D4B40026E946 /* DataMapping */,
			);
			path = Network;
			sourceTree = "<group>";
		};
		53FF93B12B90E5170026E946 /* JsonFiles */ = {
			isa = PBXGroup;
			children = (
				53FF93B42B90E6A40026E946 /* ReadJsonParsing.swift */,
				53FF93B22B90E5500026E946 /* Searchvolumes.json */,
				537D3AA22B961B1F00C56534 /* VolumDetail.json */,
			);
			path = JsonFiles;
			sourceTree = "<group>";
		};
/* End PBXGroup section */

/* Begin PBXNativeTarget section */
		53653EE52B9087F9005454C1 /* GooglePlayBook */ = {
			isa = PBXNativeTarget;
			buildConfigurationList = 53653F102B9087FA005454C1 /* Build configuration list for PBXNativeTarget "GooglePlayBook" */;
			buildPhases = (
				53653EE22B9087F9005454C1 /* Sources */,
				53653EE32B9087F9005454C1 /* Frameworks */,
				53653EE42B9087F9005454C1 /* Resources */,
			);
			buildRules = (
			);
			dependencies = (
			);
			name = GooglePlayBook;
			packageProductDependencies = (
				53653F2D2B9093B4005454C1 /* RxCocoa */,
				53653F2F2B9093B4005454C1 /* RxSwift */,
				53653F312B9093B4005454C1 /* RxDataSources */,
				53653F332B9093B4005454C1 /* SnapKit */,
				5305A1CC2B91AC0900455B11 /* LevelOSLog */,
				535770B12B930956007EBCE4 /* Swinject */,
			);
			productName = GooglePlayBook;
			productReference = 53653EE62B9087F9005454C1 /* GooglePlayBook.app */;
			productType = "com.apple.product-type.application";
		};
		53653EFB2B9087FA005454C1 /* GooglePlayBookTests */ = {
			isa = PBXNativeTarget;
			buildConfigurationList = 53653F132B9087FA005454C1 /* Build configuration list for PBXNativeTarget "GooglePlayBookTests" */;
			buildPhases = (
				53653EF82B9087FA005454C1 /* Sources */,
				53653EF92B9087FA005454C1 /* Frameworks */,
				53653EFA2B9087FA005454C1 /* Resources */,
			);
			buildRules = (
			);
			dependencies = (
				53653EFE2B9087FA005454C1 /* PBXTargetDependency */,
			);
			name = GooglePlayBookTests;
			productName = GooglePlayBookTests;
			productReference = 53653EFC2B9087FA005454C1 /* GooglePlayBookTests.xctest */;
			productType = "com.apple.product-type.bundle.unit-test";
		};
/* End PBXNativeTarget section */

/* Begin PBXProject section */
		53653EDE2B9087F9005454C1 /* Project object */ = {
			isa = PBXProject;
			attributes = {
				BuildIndependentTargetsInParallel = 1;
				LastSwiftUpdateCheck = 1520;
				LastUpgradeCheck = 1520;
				TargetAttributes = {
					53653EE52B9087F9005454C1 = {
						CreatedOnToolsVersion = 15.2;
					};
					53653EFB2B9087FA005454C1 = {
						CreatedOnToolsVersion = 15.2;
						TestTargetID = 53653EE52B9087F9005454C1;
					};
				};
			};
			buildConfigurationList = 53653EE12B9087F9005454C1 /* Build configuration list for PBXProject "GooglePlayBook" */;
			compatibilityVersion = "Xcode 14.0";
			developmentRegion = "ko-KR";
			hasScannedForEncodings = 0;
			knownRegions = (
				en,
				Base,
				"ko-KR",
			);
			mainGroup = 53653EDD2B9087F9005454C1;
			packageReferences = (
				53653F252B90935C005454C1 /* XCRemoteSwiftPackageReference "RxSwift" */,
				53653F2A2B909382005454C1 /* XCRemoteSwiftPackageReference "RxDataSources" */,
				53653F2B2B9093A0005454C1 /* XCRemoteSwiftPackageReference "SnapKit" */,
				5305A1CB2B91AC0900455B11 /* XCRemoteSwiftPackageReference "LevelOSLog" */,
				535770B02B930956007EBCE4 /* XCRemoteSwiftPackageReference "Swinject" */,
			);
			productRefGroup = 53653EE72B9087F9005454C1 /* Products */;
			projectDirPath = "";
			projectRoot = "";
			targets = (
				53653EE52B9087F9005454C1 /* GooglePlayBook */,
				53653EFB2B9087FA005454C1 /* GooglePlayBookTests */,
			);
		};
/* End PBXProject section */

/* Begin PBXResourcesBuildPhase section */
		53653EE42B9087F9005454C1 /* Resources */ = {
			isa = PBXResourcesBuildPhase;
			buildActionMask = 2147483647;
			files = (
				53653F242B909217005454C1 /* README.md in Resources */,
				537D3AA42B9620EA00C56534 /* VolumDetail.json in Resources */,
				53653EF62B9087FA005454C1 /* LaunchScreen.storyboard in Resources */,
				53653EF32B9087FA005454C1 /* Assets.xcassets in Resources */,
				53FF93B82B90EDF20026E946 /* Searchvolumes.json in Resources */,
			);
			runOnlyForDeploymentPostprocessing = 0;
		};
		53653EFA2B9087FA005454C1 /* Resources */ = {
			isa = PBXResourcesBuildPhase;
			buildActionMask = 2147483647;
			files = (
				537D3AA32B961B1F00C56534 /* VolumDetail.json in Resources */,
			);
			runOnlyForDeploymentPostprocessing = 0;
		};
/* End PBXResourcesBuildPhase section */

/* Begin PBXSourcesBuildPhase section */
		53653EE22B9087F9005454C1 /* Sources */ = {
			isa = PBXSourcesBuildPhase;
			buildActionMask = 2147483647;
			files = (
				53EC38422B959EE80049F42A /* VolumeInfo.swift in Sources */,
				53D7B5012B95EC80000895C1 /* BookUserActionCell.swift in Sources */,
				536C6F9D2B94861D00089CDA /* ImageCache.swift in Sources */,
				537D3AA72B9636E000C56534 /* RounedButton.swift in Sources */,
				537AA4302B9210C600D2B860 /* Search.swift in Sources */,
				53EC38352B95892B0049F42A /* BookDetailViewController.swift in Sources */,
				53EC383F2B959E010049F42A /* EBookInfoRequestDTO+Mapping.swift in Sources */,
				53F2800C2B94A6C800E073D4 /* ImageDownloader.swift in Sources */,
				532BEFB62B9730D700F7B0B8 /* DescriptionViewController.swift in Sources */,
				532BEF8B2B96D06D00F7B0B8 /* UILabel+Extension.swift in Sources */,
				535770CF2B9391E8007EBCE4 /* SearchResultSectionItem.swift in Sources */,
				537AA4372B922A0500D2B860 /* EBooksRequestDTO+Mapping.swift in Sources */,
				535770C42B936C8C007EBCE4 /* PlayBookSegmentControl.swift in Sources */,
				535770C62B937A00007EBCE4 /* SearchViewModel.swift in Sources */,
				53C6F1EF2B95BF7D00D2C23E /* BookDetailInfo.swift in Sources */,
				532BEF892B96C84400F7B0B8 /* BookMainInfoCell.swift in Sources */,
				537AA43A2B9234A600D2B860 /* SearchEBooksUseCase.swift in Sources */,
				537AA4352B9220C700D2B860 /* SearchQuery.swift in Sources */,
				53D7B5082B95ECC3000895C1 /* BookPublishInfoCell.swift in Sources */,
				537AA42B2B91C56000D2B860 /* ParameterEncodable.swift in Sources */,
				536C6F972B946D1C00089CDA /* LoadMoreCell.swift in Sources */,
				53653EEA2B9087F9005454C1 /* AppDelegate.swift in Sources */,
				53FF93AB2B90CDBA0026E946 /* EBook.swift in Sources */,
				535770AC2B92F9A3007EBCE4 /* ReadJsonParsing.swift in Sources */,
				53EC38372B9594910049F42A /* BookViewModel.swift in Sources */,
				53F2800E2B94BC0700E073D4 /* URL+Extension.swift in Sources */,
				53EC38392B9598A00049F42A /* BookInfoUseCase.swift in Sources */,
				53D7B5062B95ECB3000895C1 /* BookRatingInfoCell.swift in Sources */,
				53653EEC2B9087F9005454C1 /* SceneDelegate.swift in Sources */,
				535770BC2B931B78007EBCE4 /* SearchResultViewController.swift in Sources */,
				537AA4272B91C05900D2B860 /* NetworkService.swift in Sources */,
				535770BA2B9313E1007EBCE4 /* Inject.swift in Sources */,
				53FF93AE2B90D5010026E946 /* EBooksResponseDTO+Mapping.swift in Sources */,
				536C6F9A2B94853800089CDA /* Cacheable.swift in Sources */,
				53EC383D2B959BB60049F42A /* DefaultBookInfoRepository.swift in Sources */,
				535770CB2B938932007EBCE4 /* EBookInfoCell.swift in Sources */,
				535770B52B930975007EBCE4 /* DIContainer.swift in Sources */,
				53EC383B2B959B240049F42A /* BookInfoRepository.swift in Sources */,
				537AA43E2B92360A00D2B860 /* EBookItemsRepository.swift in Sources */,
				536C6F952B945CC900089CDA /* String+Extension.swift in Sources */,
				536C6F9F2B948A6100089CDA /* UIImageView+Extension.swift in Sources */,
				535770C12B932983007EBCE4 /* MainViewController.swift in Sources */,
				536C6F902B94403900089CDA /* SearchResultResuableView.swift in Sources */,
				537AA4412B9237F100D2B860 /* DefaultEBookItemsRepository.swift in Sources */,
				537AA4292B91C2FB00D2B860 /* API.swift in Sources */,
				535770CD2B9389CF007EBCE4 /* Identifier.swift in Sources */,
				53C6F1F22B95D50200D2C23E /* BookDetailSectionItem.swift in Sources */,
				535770C82B937A24007EBCE4 /* ViewModelType.swift in Sources */,
				53D7B5042B95EC9F000895C1 /* BookDescriptionCell.swift in Sources */,
			);
			runOnlyForDeploymentPostprocessing = 0;
		};
		53653EF82B9087FA005454C1 /* Sources */ = {
			isa = PBXSourcesBuildPhase;
			buildActionMask = 2147483647;
			files = (
				53FF93B72B90E7CE0026E946 /* GooglePlayBookDTOTest.swift in Sources */,
				535770B82B931026007EBCE4 /* DefaultMockRepository.swift in Sources */,
				53F280102B94C27B00E073D4 /* GooglePlayBookImageDownloaderTest.swift in Sources */,
				535770AE2B92F9BC007EBCE4 /* GooglePlayBookUseCaseTest.swift in Sources */,
				537AA42D2B91E98900D2B860 /* GooglePlayBookNetworkTest.swift in Sources */,
				535770AF2B92FDE6007EBCE4 /* ReadJsonParsing.swift in Sources */,
				53653F012B9087FA005454C1 /* GooglePlayBookTests.swift in Sources */,
			);
			runOnlyForDeploymentPostprocessing = 0;
		};
/* End PBXSourcesBuildPhase section */

/* Begin PBXTargetDependency section */
		53653EFE2B9087FA005454C1 /* PBXTargetDependency */ = {
			isa = PBXTargetDependency;
			target = 53653EE52B9087F9005454C1 /* GooglePlayBook */;
			targetProxy = 53653EFD2B9087FA005454C1 /* PBXContainerItemProxy */;
		};
/* End PBXTargetDependency section */

/* Begin PBXVariantGroup section */
		53653EF42B9087FA005454C1 /* LaunchScreen.storyboard */ = {
			isa = PBXVariantGroup;
			children = (
				53653EF52B9087FA005454C1 /* Base */,
				530B0BAA2B976A0300690BAA /* ko-KR */,
			);
			name = LaunchScreen.storyboard;
			sourceTree = "<group>";
		};
/* End PBXVariantGroup section */

/* Begin XCBuildConfiguration section */
		53653F0E2B9087FA005454C1 /* Debug */ = {
			isa = XCBuildConfiguration;
			buildSettings = {
				ALWAYS_SEARCH_USER_PATHS = NO;
				ASSETCATALOG_COMPILER_GENERATE_SWIFT_ASSET_SYMBOL_EXTENSIONS = YES;
				CLANG_ANALYZER_LOCALIZABILITY_NONLOCALIZED = YES;
				CLANG_ANALYZER_NONNULL = YES;
				CLANG_ANALYZER_NUMBER_OBJECT_CONVERSION = YES_AGGRESSIVE;
				CLANG_CXX_LANGUAGE_STANDARD = "gnu++20";
				CLANG_ENABLE_MODULES = YES;
				CLANG_ENABLE_OBJC_ARC = YES;
				CLANG_ENABLE_OBJC_WEAK = YES;
				CLANG_WARN_BLOCK_CAPTURE_AUTORELEASING = YES;
				CLANG_WARN_BOOL_CONVERSION = YES;
				CLANG_WARN_COMMA = YES;
				CLANG_WARN_CONSTANT_CONVERSION = YES;
				CLANG_WARN_DEPRECATED_OBJC_IMPLEMENTATIONS = YES;
				CLANG_WARN_DIRECT_OBJC_ISA_USAGE = YES_ERROR;
				CLANG_WARN_DOCUMENTATION_COMMENTS = YES;
				CLANG_WARN_EMPTY_BODY = YES;
				CLANG_WARN_ENUM_CONVERSION = YES;
				CLANG_WARN_INFINITE_RECURSION = YES;
				CLANG_WARN_INT_CONVERSION = YES;
				CLANG_WARN_NON_LITERAL_NULL_CONVERSION = YES;
				CLANG_WARN_OBJC_IMPLICIT_RETAIN_SELF = YES;
				CLANG_WARN_OBJC_LITERAL_CONVERSION = YES;
				CLANG_WARN_OBJC_ROOT_CLASS = YES_ERROR;
				CLANG_WARN_QUOTED_INCLUDE_IN_FRAMEWORK_HEADER = YES;
				CLANG_WARN_RANGE_LOOP_ANALYSIS = YES;
				CLANG_WARN_STRICT_PROTOTYPES = YES;
				CLANG_WARN_SUSPICIOUS_MOVE = YES;
				CLANG_WARN_UNGUARDED_AVAILABILITY = YES_AGGRESSIVE;
				CLANG_WARN_UNREACHABLE_CODE = YES;
				CLANG_WARN__DUPLICATE_METHOD_MATCH = YES;
				COPY_PHASE_STRIP = NO;
				DEBUG_INFORMATION_FORMAT = dwarf;
				ENABLE_STRICT_OBJC_MSGSEND = YES;
				ENABLE_TESTABILITY = YES;
				ENABLE_USER_SCRIPT_SANDBOXING = YES;
				GCC_C_LANGUAGE_STANDARD = gnu17;
				GCC_DYNAMIC_NO_PIC = NO;
				GCC_NO_COMMON_BLOCKS = YES;
				GCC_OPTIMIZATION_LEVEL = 0;
				GCC_PREPROCESSOR_DEFINITIONS = (
					"DEBUG=1",
					"$(inherited)",
				);
				GCC_WARN_64_TO_32_BIT_CONVERSION = YES;
				GCC_WARN_ABOUT_RETURN_TYPE = YES_ERROR;
				GCC_WARN_UNDECLARED_SELECTOR = YES;
				GCC_WARN_UNINITIALIZED_AUTOS = YES_AGGRESSIVE;
				GCC_WARN_UNUSED_FUNCTION = YES;
				GCC_WARN_UNUSED_VARIABLE = YES;
				IPHONEOS_DEPLOYMENT_TARGET = 16.1;
				LOCALIZATION_PREFERS_STRING_CATALOGS = YES;
				MTL_ENABLE_DEBUG_INFO = INCLUDE_SOURCE;
				MTL_FAST_MATH = YES;
				ONLY_ACTIVE_ARCH = YES;
				SDKROOT = iphoneos;
				SWIFT_ACTIVE_COMPILATION_CONDITIONS = "DEBUG $(inherited)";
				SWIFT_OPTIMIZATION_LEVEL = "-Onone";
			};
			name = Debug;
		};
		53653F0F2B9087FA005454C1 /* Release */ = {
			isa = XCBuildConfiguration;
			buildSettings = {
				ALWAYS_SEARCH_USER_PATHS = NO;
				ASSETCATALOG_COMPILER_GENERATE_SWIFT_ASSET_SYMBOL_EXTENSIONS = YES;
				CLANG_ANALYZER_LOCALIZABILITY_NONLOCALIZED = YES;
				CLANG_ANALYZER_NONNULL = YES;
				CLANG_ANALYZER_NUMBER_OBJECT_CONVERSION = YES_AGGRESSIVE;
				CLANG_CXX_LANGUAGE_STANDARD = "gnu++20";
				CLANG_ENABLE_MODULES = YES;
				CLANG_ENABLE_OBJC_ARC = YES;
				CLANG_ENABLE_OBJC_WEAK = YES;
				CLANG_WARN_BLOCK_CAPTURE_AUTORELEASING = YES;
				CLANG_WARN_BOOL_CONVERSION = YES;
				CLANG_WARN_COMMA = YES;
				CLANG_WARN_CONSTANT_CONVERSION = YES;
				CLANG_WARN_DEPRECATED_OBJC_IMPLEMENTATIONS = YES;
				CLANG_WARN_DIRECT_OBJC_ISA_USAGE = YES_ERROR;
				CLANG_WARN_DOCUMENTATION_COMMENTS = YES;
				CLANG_WARN_EMPTY_BODY = YES;
				CLANG_WARN_ENUM_CONVERSION = YES;
				CLANG_WARN_INFINITE_RECURSION = YES;
				CLANG_WARN_INT_CONVERSION = YES;
				CLANG_WARN_NON_LITERAL_NULL_CONVERSION = YES;
				CLANG_WARN_OBJC_IMPLICIT_RETAIN_SELF = YES;
				CLANG_WARN_OBJC_LITERAL_CONVERSION = YES;
				CLANG_WARN_OBJC_ROOT_CLASS = YES_ERROR;
				CLANG_WARN_QUOTED_INCLUDE_IN_FRAMEWORK_HEADER = YES;
				CLANG_WARN_RANGE_LOOP_ANALYSIS = YES;
				CLANG_WARN_STRICT_PROTOTYPES = YES;
				CLANG_WARN_SUSPICIOUS_MOVE = YES;
				CLANG_WARN_UNGUARDED_AVAILABILITY = YES_AGGRESSIVE;
				CLANG_WARN_UNREACHABLE_CODE = YES;
				CLANG_WARN__DUPLICATE_METHOD_MATCH = YES;
				COPY_PHASE_STRIP = NO;
				DEBUG_INFORMATION_FORMAT = "dwarf-with-dsym";
				ENABLE_NS_ASSERTIONS = NO;
				ENABLE_STRICT_OBJC_MSGSEND = YES;
				ENABLE_USER_SCRIPT_SANDBOXING = YES;
				GCC_C_LANGUAGE_STANDARD = gnu17;
				GCC_NO_COMMON_BLOCKS = YES;
				GCC_WARN_64_TO_32_BIT_CONVERSION = YES;
				GCC_WARN_ABOUT_RETURN_TYPE = YES_ERROR;
				GCC_WARN_UNDECLARED_SELECTOR = YES;
				GCC_WARN_UNINITIALIZED_AUTOS = YES_AGGRESSIVE;
				GCC_WARN_UNUSED_FUNCTION = YES;
				GCC_WARN_UNUSED_VARIABLE = YES;
				IPHONEOS_DEPLOYMENT_TARGET = 16.1;
				LOCALIZATION_PREFERS_STRING_CATALOGS = YES;
				MTL_ENABLE_DEBUG_INFO = NO;
				MTL_FAST_MATH = YES;
				SDKROOT = iphoneos;
				SWIFT_COMPILATION_MODE = wholemodule;
				VALIDATE_PRODUCT = YES;
			};
			name = Release;
		};
		53653F112B9087FA005454C1 /* Debug */ = {
			isa = XCBuildConfiguration;
			buildSettings = {
				ASSETCATALOG_COMPILER_APPICON_NAME = AppIcon;
				ASSETCATALOG_COMPILER_GLOBAL_ACCENT_COLOR_NAME = AccentColor;
				CODE_SIGN_STYLE = Automatic;
				CURRENT_PROJECT_VERSION = 1;
				GENERATE_INFOPLIST_FILE = YES;
				INFOPLIST_FILE = GooglePlayBook/Info.plist;
				INFOPLIST_KEY_UIApplicationSupportsIndirectInputEvents = YES;
				INFOPLIST_KEY_UILaunchStoryboardName = LaunchScreen;
				INFOPLIST_KEY_UIMainStoryboardFile = "";
				INFOPLIST_KEY_UISupportedInterfaceOrientations = "UIInterfaceOrientationLandscapeLeft UIInterfaceOrientationLandscapeRight UIInterfaceOrientationPortrait";
				INFOPLIST_KEY_UISupportedInterfaceOrientations_iPad = UIInterfaceOrientationPortrait;
				LD_RUNPATH_SEARCH_PATHS = (
					"$(inherited)",
					"@executable_path/Frameworks",
				);
				MARKETING_VERSION = 1.0;
				PRODUCT_BUNDLE_IDENTIFIER = com.hyuny.GooglePlayBook;
				PRODUCT_NAME = "$(TARGET_NAME)";
				SUPPORTED_PLATFORMS = "iphoneos iphonesimulator";
				SUPPORTS_MACCATALYST = NO;
				SUPPORTS_XR_DESIGNED_FOR_IPHONE_IPAD = NO;
				SWIFT_EMIT_LOC_STRINGS = YES;
				SWIFT_VERSION = 5.0;
				TARGETED_DEVICE_FAMILY = "1,2";
			};
			name = Debug;
		};
		53653F122B9087FA005454C1 /* Release */ = {
			isa = XCBuildConfiguration;
			buildSettings = {
				ASSETCATALOG_COMPILER_APPICON_NAME = AppIcon;
				ASSETCATALOG_COMPILER_GLOBAL_ACCENT_COLOR_NAME = AccentColor;
				CODE_SIGN_STYLE = Automatic;
				CURRENT_PROJECT_VERSION = 1;
				GENERATE_INFOPLIST_FILE = YES;
				INFOPLIST_FILE = GooglePlayBook/Info.plist;
				INFOPLIST_KEY_UIApplicationSupportsIndirectInputEvents = YES;
				INFOPLIST_KEY_UILaunchStoryboardName = LaunchScreen;
				INFOPLIST_KEY_UIMainStoryboardFile = "";
				INFOPLIST_KEY_UISupportedInterfaceOrientations = "UIInterfaceOrientationLandscapeLeft UIInterfaceOrientationLandscapeRight UIInterfaceOrientationPortrait";
				INFOPLIST_KEY_UISupportedInterfaceOrientations_iPad = UIInterfaceOrientationPortrait;
				LD_RUNPATH_SEARCH_PATHS = (
					"$(inherited)",
					"@executable_path/Frameworks",
				);
				MARKETING_VERSION = 1.0;
				PRODUCT_BUNDLE_IDENTIFIER = com.hyuny.GooglePlayBook;
				PRODUCT_NAME = "$(TARGET_NAME)";
				SUPPORTED_PLATFORMS = "iphoneos iphonesimulator";
				SUPPORTS_MACCATALYST = NO;
				SUPPORTS_XR_DESIGNED_FOR_IPHONE_IPAD = NO;
				SWIFT_EMIT_LOC_STRINGS = YES;
				SWIFT_VERSION = 5.0;
				TARGETED_DEVICE_FAMILY = "1,2";
			};
			name = Release;
		};
		53653F142B9087FA005454C1 /* Debug */ = {
			isa = XCBuildConfiguration;
			buildSettings = {
				ALWAYS_EMBED_SWIFT_STANDARD_LIBRARIES = YES;
				BUNDLE_LOADER = "$(TEST_HOST)";
				CODE_SIGN_STYLE = Automatic;
				CURRENT_PROJECT_VERSION = 1;
				GENERATE_INFOPLIST_FILE = YES;
				IPHONEOS_DEPLOYMENT_TARGET = 17.2;
				MARKETING_VERSION = 1.0;
				PRODUCT_BUNDLE_IDENTIFIER = com.hyuny.GooglePlayBookTests;
				PRODUCT_NAME = "$(TARGET_NAME)";
				SWIFT_EMIT_LOC_STRINGS = NO;
				SWIFT_VERSION = 5.0;
				TARGETED_DEVICE_FAMILY = "1,2";
				TEST_HOST = "$(BUILT_PRODUCTS_DIR)/GooglePlayBook.app/$(BUNDLE_EXECUTABLE_FOLDER_PATH)/GooglePlayBook";
			};
			name = Debug;
		};
		53653F152B9087FA005454C1 /* Release */ = {
			isa = XCBuildConfiguration;
			buildSettings = {
				ALWAYS_EMBED_SWIFT_STANDARD_LIBRARIES = YES;
				BUNDLE_LOADER = "$(TEST_HOST)";
				CODE_SIGN_STYLE = Automatic;
				CURRENT_PROJECT_VERSION = 1;
				GENERATE_INFOPLIST_FILE = YES;
				IPHONEOS_DEPLOYMENT_TARGET = 17.2;
				MARKETING_VERSION = 1.0;
				PRODUCT_BUNDLE_IDENTIFIER = com.hyuny.GooglePlayBookTests;
				PRODUCT_NAME = "$(TARGET_NAME)";
				SWIFT_EMIT_LOC_STRINGS = NO;
				SWIFT_VERSION = 5.0;
				TARGETED_DEVICE_FAMILY = "1,2";
				TEST_HOST = "$(BUILT_PRODUCTS_DIR)/GooglePlayBook.app/$(BUNDLE_EXECUTABLE_FOLDER_PATH)/GooglePlayBook";
			};
			name = Release;
		};
/* End XCBuildConfiguration section */

/* Begin XCConfigurationList section */
		53653EE12B9087F9005454C1 /* Build configuration list for PBXProject "GooglePlayBook" */ = {
			isa = XCConfigurationList;
			buildConfigurations = (
				53653F0E2B9087FA005454C1 /* Debug */,
				53653F0F2B9087FA005454C1 /* Release */,
			);
			defaultConfigurationIsVisible = 0;
			defaultConfigurationName = Release;
		};
		53653F102B9087FA005454C1 /* Build configuration list for PBXNativeTarget "GooglePlayBook" */ = {
			isa = XCConfigurationList;
			buildConfigurations = (
				53653F112B9087FA005454C1 /* Debug */,
				53653F122B9087FA005454C1 /* Release */,
			);
			defaultConfigurationIsVisible = 0;
			defaultConfigurationName = Release;
		};
		53653F132B9087FA005454C1 /* Build configuration list for PBXNativeTarget "GooglePlayBookTests" */ = {
			isa = XCConfigurationList;
			buildConfigurations = (
				53653F142B9087FA005454C1 /* Debug */,
				53653F152B9087FA005454C1 /* Release */,
			);
			defaultConfigurationIsVisible = 0;
			defaultConfigurationName = Release;
		};
/* End XCConfigurationList section */

/* Begin XCRemoteSwiftPackageReference section */
		5305A1CB2B91AC0900455B11 /* XCRemoteSwiftPackageReference "LevelOSLog" */ = {
			isa = XCRemoteSwiftPackageReference;
			repositoryURL = "https://github.com/HyunyKim/LevelOSLog.git";
			requirement = {
				kind = upToNextMajorVersion;
				minimumVersion = 1.0.0;
			};
		};
		535770B02B930956007EBCE4 /* XCRemoteSwiftPackageReference "Swinject" */ = {
			isa = XCRemoteSwiftPackageReference;
			repositoryURL = "https://github.com/Swinject/Swinject.git";
			requirement = {
				kind = upToNextMajorVersion;
				minimumVersion = 2.8.4;
			};
		};
		53653F252B90935C005454C1 /* XCRemoteSwiftPackageReference "RxSwift" */ = {
			isa = XCRemoteSwiftPackageReference;
			repositoryURL = "https://github.com/ReactiveX/RxSwift.git";
			requirement = {
				kind = upToNextMajorVersion;
				minimumVersion = 6.6.0;
			};
		};
		53653F2A2B909382005454C1 /* XCRemoteSwiftPackageReference "RxDataSources" */ = {
			isa = XCRemoteSwiftPackageReference;
			repositoryURL = "https://github.com/RxSwiftCommunity/RxDataSources.git";
			requirement = {
				kind = upToNextMajorVersion;
				minimumVersion = 5.0.2;
			};
		};
		53653F2B2B9093A0005454C1 /* XCRemoteSwiftPackageReference "SnapKit" */ = {
			isa = XCRemoteSwiftPackageReference;
			repositoryURL = "https://github.com/SnapKit/SnapKit.git";
			requirement = {
				kind = upToNextMajorVersion;
				minimumVersion = 5.7.1;
			};
		};
/* End XCRemoteSwiftPackageReference section */

/* Begin XCSwiftPackageProductDependency section */
		5305A1CC2B91AC0900455B11 /* LevelOSLog */ = {
			isa = XCSwiftPackageProductDependency;
			package = 5305A1CB2B91AC0900455B11 /* XCRemoteSwiftPackageReference "LevelOSLog" */;
			productName = LevelOSLog;
		};
		535770B12B930956007EBCE4 /* Swinject */ = {
			isa = XCSwiftPackageProductDependency;
			package = 535770B02B930956007EBCE4 /* XCRemoteSwiftPackageReference "Swinject" */;
			productName = Swinject;
		};
		53653F2D2B9093B4005454C1 /* RxCocoa */ = {
			isa = XCSwiftPackageProductDependency;
			package = 53653F252B90935C005454C1 /* XCRemoteSwiftPackageReference "RxSwift" */;
			productName = RxCocoa;
		};
		53653F2F2B9093B4005454C1 /* RxSwift */ = {
			isa = XCSwiftPackageProductDependency;
			package = 53653F252B90935C005454C1 /* XCRemoteSwiftPackageReference "RxSwift" */;
			productName = RxSwift;
		};
		53653F312B9093B4005454C1 /* RxDataSources */ = {
			isa = XCSwiftPackageProductDependency;
			package = 53653F2A2B909382005454C1 /* XCRemoteSwiftPackageReference "RxDataSources" */;
			productName = RxDataSources;
		};
		53653F332B9093B4005454C1 /* SnapKit */ = {
			isa = XCSwiftPackageProductDependency;
			package = 53653F2B2B9093A0005454C1 /* XCRemoteSwiftPackageReference "SnapKit" */;
			productName = SnapKit;
		};
/* End XCSwiftPackageProductDependency section */
	};
	rootObject = 53653EDE2B9087F9005454C1 /* Project object */;
}
